
Microsoft Visual Studio Solution File, Format Version 12.00
# Visual Studio Version 16
VisualStudioVersion = 16.0.29318.209
MinimumVisualStudioVersion = 10.0.40219.1
Project("{FAE04EC0-301F-11D3-BF4B-00C04F79EFBC}") = "AP-Project", "AP-Project\AP-Project.csproj", "{FB5E5A1C-E79A-4D86-901A-19A1DEFEE86E}"
EndProject
Global
	GlobalSection(SolutionConfigurationPlatforms) = preSolution
		Debug|Any CPU = Debug|Any CPU
		Release|Any CPU = Release|Any CPU
	EndGlobalSection
	GlobalSection(ProjectConfigurationPlatforms) = postSolution
		{FB5E5A1C-E79A-4D86-901A-19A1DEFEE86E}.Debug|Any CPU.ActiveCfg = Debug|Any CPU
		{FB5E5A1C-E79A-4D86-901A-19A1DEFEE86E}.Debug|Any CPU.Build.0 = Debug|Any CPU
		{FB5E5A1C-E79A-4D86-901A-19A1DEFEE86E}.Release|Any CPU.ActiveCfg = Release|Any CPU
		{FB5E5A1C-E79A-4D86-901A-19A1DEFEE86E}.Release|Any CPU.Build.0 = Release|Any CPU
	EndGlobalSection
	GlobalSection(SolutionProperties) = preSolution
		HideSolutionNode = FALSE
	EndGlobalSection
	GlobalSection(ExtensibilityGlobals) = postSolution
		SolutionGuid = {ED41F192-29B5-4881-A868-A2DA44A2F921}
	EndGlobalSection
EndGlobal
